// !$*UTF8*$!
{
	archiveVersion = 1;
	classes = {
	};
	objectVersion = 77;
	objects = {

/* Begin PBXBuildFile section */
		685367382DE75B6A007676C9 /* Assets.xcassets in Resources */ = {isa = PBXBuildFile; fileRef = 685367332DE75B6A007676C9 /* Assets.xcassets */; };
		685367392DE75B6A007676C9 /* ContentView.swift in Sources */ = {isa = PBXBuildFile; fileRef = 685367342DE75B6A007676C9 /* ContentView.swift */; };
		6853673A2DE75B6A007676C9 /* HambJaeryoModalApp.swift in Sources */ = {isa = PBXBuildFile; fileRef = 685367352DE75B6A007676C9 /* HambJaeryoModalApp.swift */; };
		6853673B2DE75B6A007676C9 /* IngredientSheetView.swift in Sources */ = {isa = PBXBuildFile; fileRef = 685367362DE75B6A007676C9 /* IngredientSheetView.swift */; };
		6853673D2DE75C7B007676C9 /* IngredientResultView.swift in Sources */ = {isa = PBXBuildFile; fileRef = 6853673C2DE75C7A007676C9 /* IngredientResultView.swift */; };
		6853673F2DE774A2007676C9 /* GoogleService-Info.plist in Resources */ = {isa = PBXBuildFile; fileRef = 6853673E2DE774A2007676C9 /* GoogleService-Info.plist */; };
		685367422DE77509007676C9 /* FirebaseAnalytics in Frameworks */ = {isa = PBXBuildFile; productRef = 685367412DE77509007676C9 /* FirebaseAnalytics */; };
		685367442DE77D73007676C9 /* IngredientInfo.swift in Sources */ = {isa = PBXBuildFile; fileRef = 685367432DE77D72007676C9 /* IngredientInfo.swift */; };
		685367462DE77ECF007676C9 /* FirebaseAI in Frameworks */ = {isa = PBXBuildFile; productRef = 685367452DE77ECF007676C9 /* FirebaseAI */; };
/* End PBXBuildFile section */

/* Begin PBXFileReference section */
		685367222DE7591F007676C9 /* HambJaeryoModal.app */ = {isa = PBXFileReference; explicitFileType = wrapper.application; includeInIndex = 0; path = HambJaeryoModal.app; sourceTree = BUILT_PRODUCTS_DIR; };
		685367332DE75B6A007676C9 /* Assets.xcassets */ = {isa = PBXFileReference; lastKnownFileType = folder.assetcatalog; path = Assets.xcassets; sourceTree = "<group>"; };
		685367342DE75B6A007676C9 /* ContentView.swift */ = {isa = PBXFileReference; lastKnownFileType = sourcecode.swift; path = ContentView.swift; sourceTree = "<group>"; };
		685367352DE75B6A007676C9 /* HambJaeryoModalApp.swift */ = {isa = PBXFileReference; lastKnownFileType = sourcecode.swift; path = HambJaeryoModalApp.swift; sourceTree = "<group>"; };
		685367362DE75B6A007676C9 /* IngredientSheetView.swift */ = {isa = PBXFileReference; lastKnownFileType = sourcecode.swift; path = IngredientSheetView.swift; sourceTree = "<group>"; };
		6853673C2DE75C7A007676C9 /* IngredientResultView.swift */ = {isa = PBXFileReference; lastKnownFileType = sourcecode.swift; path = IngredientResultView.swift; sourceTree = "<group>"; };
		6853673E2DE774A2007676C9 /* GoogleService-Info.plist */ = {isa = PBXFileReference; lastKnownFileType = text.plist.xml; path = "GoogleService-Info.plist"; sourceTree = "<group>"; };
		685367432DE77D72007676C9 /* IngredientInfo.swift */ = {isa = PBXFileReference; lastKnownFileType = sourcecode.swift; path = IngredientInfo.swift; sourceTree = "<group>"; };
/* End PBXFileReference section */

/* Begin PBXFrameworksBuildPhase section */
		6853671F2DE7591F007676C9 /* Frameworks */ = {
			isa = PBXFrameworksBuildPhase;
			buildActionMask = 2147483647;
			files = (
				685367422DE77509007676C9 /* FirebaseAnalytics in Frameworks */,
				685367462DE77ECF007676C9 /* FirebaseAI in Frameworks */,
			);
			runOnlyForDeploymentPostprocessing = 0;
		};
/* End PBXFrameworksBuildPhase section */

/* Begin PBXGroup section */
		685367192DE7591F007676C9 = {
			isa = PBXGroup;
			children = (
				685367372DE75B6A007676C9 /* HambJaeryoModal */,
				685367232DE7591F007676C9 /* Products */,
			);
			sourceTree = "<group>";
		};
		685367232DE7591F007676C9 /* Products */ = {
			isa = PBXGroup;
			children = (
				685367222DE7591F007676C9 /* HambJaeryoModal.app */,
			);
			name = Products;
			sourceTree = "<group>";
		};
		685367372DE75B6A007676C9 /* HambJaeryoModal */ = {
			isa = PBXGroup;
			children = (
				685367432DE77D72007676C9 /* IngredientInfo.swift */,
				685367342DE75B6A007676C9 /* ContentView.swift */,
				685367362DE75B6A007676C9 /* IngredientSheetView.swift */,
				6853673C2DE75C7A007676C9 /* IngredientResultView.swift */,
				685367352DE75B6A007676C9 /* HambJaeryoModalApp.swift */,
				6853673E2DE774A2007676C9 /* GoogleService-Info.plist */,
				685367332DE75B6A007676C9 /* Assets.xcassets */,
			);
			path = HambJaeryoModal;
			sourceTree = "<group>";
		};
/* End PBXGroup section */

/* Begin PBXNativeTarget section */
		685367212DE7591F007676C9 /* HambJaeryoModal */ = {
			isa = PBXNativeTarget;
			buildConfigurationList = 6853672D2DE75921007676C9 /* Build configuration list for PBXNativeTarget "HambJaeryoModal" */;
			buildPhases = (
				6853671E2DE7591F007676C9 /* Sources */,
				6853671F2DE7591F007676C9 /* Frameworks */,
				685367202DE7591F007676C9 /* Resources */,
			);
			buildRules = (
			);
			dependencies = (
			);
			name = HambJaeryoModal;
			packageProductDependencies = (
				685367412DE77509007676C9 /* FirebaseAnalytics */,
				685367452DE77ECF007676C9 /* FirebaseAI */,
			);
			productName = HambJaeryoModal;
			productReference = 685367222DE7591F007676C9 /* HambJaeryoModal.app */;
			productType = "com.apple.product-type.application";
		};
/* End PBXNativeTarget section */

/* Begin PBXProject section */
		6853671A2DE7591F007676C9 /* Project object */ = {
			isa = PBXProject;
			attributes = {
				BuildIndependentTargetsInParallel = 1;
				LastSwiftUpdateCheck = 1630;
				LastUpgradeCheck = 1630;
				TargetAttributes = {
					685367212DE7591F007676C9 = {
						CreatedOnToolsVersion = 16.3;
					};
				};
			};
			buildConfigurationList = 6853671D2DE7591F007676C9 /* Build configuration list for PBXProject "HambJaeryoModal" */;
			developmentRegion = en;
			hasScannedForEncodings = 0;
			knownRegions = (
				en,
				Base,
			);
			mainGroup = 685367192DE7591F007676C9;
			minimizedProjectReferenceProxies = 1;
			packageReferences = (
				685367402DE77509007676C9 /* XCRemoteSwiftPackageReference "firebase-ios-sdk" */,
			);
			preferredProjectObjectVersion = 77;
			productRefGroup = 685367232DE7591F007676C9 /* Products */;
			projectDirPath = "";
			projectRoot = "";
			targets = (
				685367212DE7591F007676C9 /* HambJaeryoModal */,
			);
		};
/* End PBXProject section */

/* Begin PBXResourcesBuildPhase section */
		685367202DE7591F007676C9 /* Resources */ = {
			isa = PBXResourcesBuildPhase;
			buildActionMask = 2147483647;
			files = (
				685367382DE75B6A007676C9 /* Assets.xcassets in Resources */,
				6853673F2DE774A2007676C9 /* GoogleService-Info.plist in Resources */,
			);
			runOnlyForDeploymentPostprocessing = 0;
		};
/* End PBXResourcesBuildPhase section */

/* Begin PBXSourcesBuildPhase section */
		6853671E2DE7591F007676C9 /* Sources */ = {
			isa = PBXSourcesBuildPhase;
			buildActionMask = 2147483647;
			files = (
				6853673D2DE75C7B007676C9 /* IngredientResultView.swift in Sources */,
				685367442DE77D73007676C9 /* IngredientInfo.swift in Sources */,
				685367392DE75B6A007676C9 /* ContentView.swift in Sources */,
				6853673A2DE75B6A007676C9 /* HambJaeryoModalApp.swift in Sources */,
				6853673B2DE75B6A007676C9 /* IngredientSheetView.swift in Sources */,
			);
			runOnlyForDeploymentPostprocessing = 0;
		};
/* End PBXSourcesBuildPhase section */

/* Begin XCBuildConfiguration section */
		6853672B2DE75921007676C9 /* Debug */ = {
			isa = XCBuildConfiguration;
			buildSettings = {
				ALWAYS_SEARCH_USER_PATHS = NO;
				ASSETCATALOG_COMPILER_GENERATE_SWIFT_ASSET_SYMBOL_EXTENSIONS = YES;
				CLANG_ANALYZER_NONNULL = YES;
				CLANG_ANALYZER_NUMBER_OBJECT_CONVERSION = YES_AGGRESSIVE;
				CLANG_CXX_LANGUAGE_STANDARD = "gnu++20";
				CLANG_ENABLE_MODULES = YES;
				CLANG_ENABLE_OBJC_ARC = YES;
				CLANG_ENABLE_OBJC_WEAK = YES;
				CLANG_WARN_BLOCK_CAPTURE_AUTORELEASING = YES;
				CLANG_WARN_BOOL_CONVERSION = YES;
				CLANG_WARN_COMMA = YES;
				CLANG_WARN_CONSTANT_CONVERSION = YES;
				CLANG_WARN_DEPRECATED_OBJC_IMPLEMENTATIONS = YES;
				CLANG_WARN_DIRECT_OBJC_ISA_USAGE = YES_ERROR;
				CLANG_WARN_DOCUMENTATION_COMMENTS = YES;
				CLANG_WARN_EMPTY_BODY = YES;
				CLANG_WARN_ENUM_CONVERSION = YES;
				CLANG_WARN_INFINITE_RECURSION = YES;
				CLANG_WARN_INT_CONVERSION = YES;
				CLANG_WARN_NON_LITERAL_NULL_CONVERSION = YES;
				CLANG_WARN_OBJC_IMPLICIT_RETAIN_SELF = YES;
				CLANG_WARN_OBJC_LITERAL_CONVERSION = YES;
				CLANG_WARN_OBJC_ROOT_CLASS = YES_ERROR;
				CLANG_WARN_QUOTED_INCLUDE_IN_FRAMEWORK_HEADER = YES;
				CLANG_WARN_RANGE_LOOP_ANALYSIS = YES;
				CLANG_WARN_STRICT_PROTOTYPES = YES;
				CLANG_WARN_SUSPICIOUS_MOVE = YES;
				CLANG_WARN_UNGUARDED_AVAILABILITY = YES_AGGRESSIVE;
				CLANG_WARN_UNREACHABLE_CODE = YES;
				CLANG_WARN__DUPLICATE_METHOD_MATCH = YES;
				COPY_PHASE_STRIP = NO;
				DEBUG_INFORMATION_FORMAT = dwarf;
				DEVELOPMENT_TEAM = 5Z8G42AVKD;
				ENABLE_STRICT_OBJC_MSGSEND = YES;
				ENABLE_TESTABILITY = YES;
				ENABLE_USER_SCRIPT_SANDBOXING = YES;
				GCC_C_LANGUAGE_STANDARD = gnu17;
				GCC_DYNAMIC_NO_PIC = NO;
				GCC_NO_COMMON_BLOCKS = YES;
				GCC_OPTIMIZATION_LEVEL = 0;
				GCC_PREPROCESSOR_DEFINITIONS = (
					"DEBUG=1",
					"$(inherited)",
				);
				GCC_WARN_64_TO_32_BIT_CONVERSION = YES;
				GCC_WARN_ABOUT_RETURN_TYPE = YES_ERROR;
				GCC_WARN_UNDECLARED_SELECTOR = YES;
				GCC_WARN_UNINITIALIZED_AUTOS = YES_AGGRESSIVE;
				GCC_WARN_UNUSED_FUNCTION = YES;
				GCC_WARN_UNUSED_VARIABLE = YES;
				IPHONEOS_DEPLOYMENT_TARGET = 18.4;
				LOCALIZATION_PREFERS_STRING_CATALOGS = YES;
				MTL_ENABLE_DEBUG_INFO = INCLUDE_SOURCE;
				MTL_FAST_MATH = YES;
				ONLY_ACTIVE_ARCH = YES;
				SDKROOT = iphoneos;
				SWIFT_ACTIVE_COMPILATION_CONDITIONS = "DEBUG $(inherited)";
				SWIFT_OPTIMIZATION_LEVEL = "-Onone";
			};
			name = Debug;
		};
		6853672C2DE75921007676C9 /* Release */ = {
			isa = XCBuildConfiguration;
			buildSettings = {
				ALWAYS_SEARCH_USER_PATHS = NO;
				ASSETCATALOG_COMPILER_GENERATE_SWIFT_ASSET_SYMBOL_EXTENSIONS = YES;
				CLANG_ANALYZER_NONNULL = YES;
				CLANG_ANALYZER_NUMBER_OBJECT_CONVERSION = YES_AGGRESSIVE;
				CLANG_CXX_LANGUAGE_STANDARD = "gnu++20";
				CLANG_ENABLE_MODULES = YES;
				CLANG_ENABLE_OBJC_ARC = YES;
				CLANG_ENABLE_OBJC_WEAK = YES;
				CLANG_WARN_BLOCK_CAPTURE_AUTORELEASING = YES;
				CLANG_WARN_BOOL_CONVERSION = YES;
				CLANG_WARN_COMMA = YES;
				CLANG_WARN_CONSTANT_CONVERSION = YES;
				CLANG_WARN_DEPRECATED_OBJC_IMPLEMENTATIONS = YES;
				CLANG_WARN_DIRECT_OBJC_ISA_USAGE = YES_ERROR;
				CLANG_WARN_DOCUMENTATION_COMMENTS = YES;
				CLANG_WARN_EMPTY_BODY = YES;
				CLANG_WARN_ENUM_CONVERSION = YES;
				CLANG_WARN_INFINITE_RECURSION = YES;
				CLANG_WARN_INT_CONVERSION = YES;
				CLANG_WARN_NON_LITERAL_NULL_CONVERSION = YES;
				CLANG_WARN_OBJC_IMPLICIT_RETAIN_SELF = YES;
				CLANG_WARN_OBJC_LITERAL_CONVERSION = YES;
				CLANG_WARN_OBJC_ROOT_CLASS = YES_ERROR;
				CLANG_WARN_QUOTED_INCLUDE_IN_FRAMEWORK_HEADER = YES;
				CLANG_WARN_RANGE_LOOP_ANALYSIS = YES;
				CLANG_WARN_STRICT_PROTOTYPES = YES;
				CLANG_WARN_SUSPICIOUS_MOVE = YES;
				CLANG_WARN_UNGUARDED_AVAILABILITY = YES_AGGRESSIVE;
				CLANG_WARN_UNREACHABLE_CODE = YES;
				CLANG_WARN__DUPLICATE_METHOD_MATCH = YES;
				COPY_PHASE_STRIP = NO;
				DEBUG_INFORMATION_FORMAT = "dwarf-with-dsym";
				DEVELOPMENT_TEAM = 5Z8G42AVKD;
				ENABLE_NS_ASSERTIONS = NO;
				ENABLE_STRICT_OBJC_MSGSEND = YES;
				ENABLE_USER_SCRIPT_SANDBOXING = YES;
				GCC_C_LANGUAGE_STANDARD = gnu17;
				GCC_NO_COMMON_BLOCKS = YES;
				GCC_WARN_64_TO_32_BIT_CONVERSION = YES;
				GCC_WARN_ABOUT_RETURN_TYPE = YES_ERROR;
				GCC_WARN_UNDECLARED_SELECTOR = YES;
				GCC_WARN_UNINITIALIZED_AUTOS = YES_AGGRESSIVE;
				GCC_WARN_UNUSED_FUNCTION = YES;
				GCC_WARN_UNUSED_VARIABLE = YES;
				IPHONEOS_DEPLOYMENT_TARGET = 18.4;
				LOCALIZATION_PREFERS_STRING_CATALOGS = YES;
				MTL_ENABLE_DEBUG_INFO = NO;
				MTL_FAST_MATH = YES;
				SDKROOT = iphoneos;
				SWIFT_COMPILATION_MODE = wholemodule;
				VALIDATE_PRODUCT = YES;
			};
			name = Release;
		};
		6853672E2DE75921007676C9 /* Debug */ = {
			isa = XCBuildConfiguration;
			buildSettings = {
				ASSETCATALOG_COMPILER_APPICON_NAME = AppIcon;
				ASSETCATALOG_COMPILER_GLOBAL_ACCENT_COLOR_NAME = AccentColor;
				CODE_SIGN_STYLE = Automatic;
				CURRENT_PROJECT_VERSION = 1;
				DEVELOPMENT_TEAM = 5Z8G42AVKD;
				ENABLE_PREVIEWS = YES;
				GENERATE_INFOPLIST_FILE = YES;
				INFOPLIST_KEY_UIApplicationSceneManifest_Generation = YES;
				INFOPLIST_KEY_UIApplicationSupportsIndirectInputEvents = YES;
				INFOPLIST_KEY_UILaunchScreen_Generation = YES;
				INFOPLIST_KEY_UISupportedInterfaceOrientations_iPad = "UIInterfaceOrientationPortrait UIInterfaceOrientationPortraitUpsideDown UIInterfaceOrientationLandscapeLeft UIInterfaceOrientationLandscapeRight";
				INFOPLIST_KEY_UISupportedInterfaceOrientations_iPhone = "UIInterfaceOrientationPortrait UIInterfaceOrientationLandscapeLeft UIInterfaceOrientationLandscapeRight";
				LD_RUNPATH_SEARCH_PATHS = (
					"$(inherited)",
					"@executable_path/Frameworks",
				);
				MARKETING_VERSION = 1.0;
				PRODUCT_BUNDLE_IDENTIFIER = exam.HambJaeryoModal;
				PRODUCT_NAME = "$(TARGET_NAME)";
				SWIFT_EMIT_LOC_STRINGS = YES;
				SWIFT_VERSION = 5.0;
				TARGETED_DEVICE_FAMILY = "1,2";
			};
			name = Debug;
		};
		6853672F2DE75921007676C9 /* Release */ = {
			isa = XCBuildConfiguration;
			buildSettings = {
				ASSETCATALOG_COMPILER_APPICON_NAME = AppIcon;
				ASSETCATALOG_COMPILER_GLOBAL_ACCENT_COLOR_NAME = AccentColor;
				CODE_SIGN_STYLE = Automatic;
				CURRENT_PROJECT_VERSION = 1;
				DEVELOPMENT_TEAM = 5Z8G42AVKD;
				ENABLE_PREVIEWS = YES;
				GENERATE_INFOPLIST_FILE = YES;
				INFOPLIST_KEY_UIApplicationSceneManifest_Generation = YES;
				INFOPLIST_KEY_UIApplicationSupportsIndirectInputEvents = YES;
				INFOPLIST_KEY_UILaunchScreen_Generation = YES;
				INFOPLIST_KEY_UISupportedInterfaceOrientations_iPad = "UIInterfaceOrientationPortrait UIInterfaceOrientationPortraitUpsideDown UIInterfaceOrientationLandscapeLeft UIInterfaceOrientationLandscapeRight";
				INFOPLIST_KEY_UISupportedInterfaceOrientations_iPhone = "UIInterfaceOrientationPortrait UIInterfaceOrientationLandscapeLeft UIInterfaceOrientationLandscapeRight";
				LD_RUNPATH_SEARCH_PATHS = (
					"$(inherited)",
					"@executable_path/Frameworks",
				);
				MARKETING_VERSION = 1.0;
				PRODUCT_BUNDLE_IDENTIFIER = exam.HambJaeryoModal;
				PRODUCT_NAME = "$(TARGET_NAME)";
				SWIFT_EMIT_LOC_STRINGS = YES;
				SWIFT_VERSION = 5.0;
				TARGETED_DEVICE_FAMILY = "1,2";
			};
			name = Release;
		};
/* End XCBuildConfiguration section */

/* Begin XCConfigurationList section */
		6853671D2DE7591F007676C9 /* Build configuration list for PBXProject "HambJaeryoModal" */ = {
			isa = XCConfigurationList;
			buildConfigurations = (
				6853672B2DE75921007676C9 /* Debug */,
				6853672C2DE75921007676C9 /* Release */,
			);
			defaultConfigurationIsVisible = 0;
			defaultConfigurationName = Release;
		};
		6853672D2DE75921007676C9 /* Build configuration list for PBXNativeTarget "HambJaeryoModal" */ = {
			isa = XCConfigurationList;
			buildConfigurations = (
				6853672E2DE75921007676C9 /* Debug */,
				6853672F2DE75921007676C9 /* Release */,
			);
			defaultConfigurationIsVisible = 0;
			defaultConfigurationName = Release;
		};
/* End XCConfigurationList section */

/* Begin XCRemoteSwiftPackageReference section */
		685367402DE77509007676C9 /* XCRemoteSwiftPackageReference "firebase-ios-sdk" */ = {
			isa = XCRemoteSwiftPackageReference;
			repositoryURL = "https://github.com/firebase/firebase-ios-sdk";
			requirement = {
				kind = upToNextMajorVersion;
				minimumVersion = 11.13.0;
			};
		};
/* End XCRemoteSwiftPackageReference section */

/* Begin XCSwiftPackageProductDependency section */
		685367412DE77509007676C9 /* FirebaseAnalytics */ = {
			isa = XCSwiftPackageProductDependency;
			package = 685367402DE77509007676C9 /* XCRemoteSwiftPackageReference "firebase-ios-sdk" */;
			productName = FirebaseAnalytics;
		};
		685367452DE77ECF007676C9 /* FirebaseAI */ = {
			isa = XCSwiftPackageProductDependency;
			package = 685367402DE77509007676C9 /* XCRemoteSwiftPackageReference "firebase-ios-sdk" */;
			productName = FirebaseAI;
		};
/* End XCSwiftPackageProductDependency section */
	};
	rootObject = 6853671A2DE7591F007676C9 /* Project object */;
}
